
Microsoft Visual Studio Solution File, Format Version 12.00
# Visual Studio 15
VisualStudioVersion = 15.0.28307.329
MinimumVisualStudioVersion = 10.0.40219.1
Project("{FAE04EC0-301F-11D3-BF4B-00C04F79EFBC}") = "ProgressionWindow", "Task\ProgressionWindow.csproj", "{70D6644C-3F7A-49AC-A3BB-45446983C52D}"
EndProject
Global
	GlobalSection(SolutionConfigurationPlatforms) = preSolution
		Debug|Any CPU = Debug|Any CPU
		Release|Any CPU = Release|Any CPU
	EndGlobalSection
	GlobalSection(ProjectConfigurationPlatforms) = postSolution
		{70D6644C-3F7A-49AC-A3BB-45446983C52D}.Debug|Any CPU.ActiveCfg = Debug|Any CPU
		{70D6644C-3F7A-49AC-A3BB-45446983C52D}.Debug|Any CPU.Build.0 = Debug|Any CPU
		{70D6644C-3F7A-49AC-A3BB-45446983C52D}.Release|Any CPU.ActiveCfg = Release|Any CPU
		{70D6644C-3F7A-49AC-A3BB-45446983C52D}.Release|Any CPU.Build.0 = Release|Any CPU
	EndGlobalSection
	GlobalSection(SolutionProperties) = preSolution
		HideSolutionNode = FALSE
	EndGlobalSection
	GlobalSection(ExtensibilityGlobals) = postSolution
		SolutionGuid = {1128D4E4-79EE-492E-B7E2-0373E8EFAA46}
	EndGlobalSection
EndGlobal
